Microsoft Visual Studio Solution File, Format Version 11.00
# Visual Studio 2008

Project("{329D9E41-253C-F320-AD59-12CA35E12FA2}") = "Lightning Tutorial", "Assembly-CSharp.csproj", "{4054DE2E-902A-0443-1B1A-7C7A4408E5C0}"
EndProject
Project("{329D9E41-253C-F320-AD59-12CA35E12FA2}") = "Lightning Tutorial", "Assembly-UnityScript.unityproj", "{DD9B5A0C-9DDB-9653-81AA-058840E45C8B}"
EndProject
Global
	GlobalSection(SolutionConfigurationPlatforms) = preSolution
		Debug|Any CPU = Debug|Any CPU
		Release|Any CPU = Release|Any CPU
	EndGlobalSection
	GlobalSection(ProjectConfigurationPlatforms) = postSolution
		{4054DE2E-902A-0443-1B1A-7C7A4408E5C0}.Debug|Any CPU.ActiveCfg = Debug|Any CPU
		{4054DE2E-902A-0443-1B1A-7C7A4408E5C0}.Debug|Any CPU.Build.0 = Debug|Any CPU
		{4054DE2E-902A-0443-1B1A-7C7A4408E5C0}.Release|Any CPU.ActiveCfg = Release|Any CPU
		{4054DE2E-902A-0443-1B1A-7C7A4408E5C0}.Release|Any CPU.Build.0 = Release|Any CPU
		{DD9B5A0C-9DDB-9653-81AA-058840E45C8B}.Debug|Any CPU.ActiveCfg = Debug|Any CPU
		{DD9B5A0C-9DDB-9653-81AA-058840E45C8B}.Debug|Any CPU.Build.0 = Debug|Any CPU
		{DD9B5A0C-9DDB-9653-81AA-058840E45C8B}.Release|Any CPU.ActiveCfg = Release|Any CPU
		{DD9B5A0C-9DDB-9653-81AA-058840E45C8B}.Release|Any CPU.Build.0 = Release|Any CPU
	EndGlobalSection
	GlobalSection(SolutionProperties) = preSolution
		HideSolutionNode = FALSE
	EndGlobalSection
																																																																			GlobalSection(MonoDevelopProperties) = preSolution
		StartupItem = Assembly-CSharp.csproj
		Policies = $0
		$0.TextStylePolicy = $1
		$1.inheritsSet = null
		$1.scope = text/x-csharp
		$0.CSharpFormattingPolicy = $2
		$2.inheritsSet = Mono
		$2.inheritsScope = text/x-csharp
		$2.scope = text/x-csharp
		$0.TextStylePolicy = $3
		$3.FileWidth = 120
		$3.TabWidth = 4
		$3.EolMarker = Unix
		$3.inheritsSet = Mono
		$3.inheritsScope = text/plain
		$3.scope = text/plain
	EndGlobalSection

EndGlobal
